{
  "nodes": {
    "connections": {
      "flake": false,
      "locked": {
        "lastModified": 1649885499,
        "narHash": "sha256-kyE0v3n1OJXBxTkdXstvR+1g5MDHbK0QB0EqDopYHE8=",
        "owner": "cmk",
        "repo": "connections",
        "rev": "e8f83fb816dccfbae27d18237c1988a08b8c79b1",
        "type": "github"
      },
      "original": {
        "owner": "cmk",
        "repo": "connections",
        "type": "github"
      }
    },
    "flake-parts": {
      "inputs": {
        "nixpkgs-lib": "nixpkgs-lib"
      },
      "locked": {
        "lastModified": 1704982712,
        "narHash": "sha256-2Ptt+9h8dczgle2Oo6z5ni5rt/uLMG47UFTR1ry/wgg=",
        "owner": "hercules-ci",
        "repo": "flake-parts",
        "rev": "07f6395285469419cf9d078f59b5b49993198c00",
        "type": "github"
      },
      "original": {
        "owner": "hercules-ci",
        "repo": "flake-parts",
        "type": "github"
      }
    },
    "haskell-flake": {
      "locked": {
        "lastModified": 1706414342,
        "narHash": "sha256-57lyYrnhcuf2EVtWwTAK+6OV2Dk3eSq+b/NR7UzyGtI=",
        "owner": "srid",
        "repo": "haskell-flake",
        "rev": "738417211e16514d24d0e247bb83781e12293342",
        "type": "github"
      },
      "original": {
        "owner": "srid",
        "repo": "haskell-flake",
        "type": "github"
      }
    },
    "nixpkgs": {
      "locked": {
        "lastModified": 1706367331,
        "narHash": "sha256-AqgkGHRrI6h/8FWuVbnkfFmXr4Bqsr4fV23aISqj/xg=",
        "owner": "nixos",
        "repo": "nixpkgs",
        "rev": "160b762eda6d139ac10ae081f8f78d640dd523eb",
        "type": "github"
      },
      "original": {
        "owner": "nixos",
        "ref": "nixpkgs-unstable",
        "repo": "nixpkgs",
        "type": "github"
      }
    },
    "nixpkgs-lib": {
      "locked": {
        "dir": "lib",
        "lastModified": 1703961334,
        "narHash": "sha256-M1mV/Cq+pgjk0rt6VxoyyD+O8cOUiai8t9Q6Yyq4noY=",
        "owner": "NixOS",
        "repo": "nixpkgs",
        "rev": "b0d36bd0a420ecee3bc916c91886caca87c894e9",
        "type": "github"
      },
      "original": {
        "dir": "lib",
        "owner": "NixOS",
        "ref": "nixos-unstable",
        "repo": "nixpkgs",
        "type": "github"
      }
    },
    "root": {
      "inputs": {
        "connections": "connections",
        "flake-parts": "flake-parts",
        "haskell-flake": "haskell-flake",
        "nixpkgs": "nixpkgs"
      }
    }
  },
  "root": "root",
  "version": 7
}
